
Microsoft Visual Studio Solution File, Format Version 12.00
# Visual Studio Version 17
VisualStudioVersion = 17.4.33205.214
MinimumVisualStudioVersion = 10.0.40219.1
Project("{FAE04EC0-301F-11D3-BF4B-00C04F79EFBC}") = "Steve", "Steve\Steve.csproj", "{5AB01B4F-6F02-416F-80C9-8B4E855193D4}"
EndProject
Project("{FAE04EC0-301F-11D3-BF4B-00C04F79EFBC}") = "Steve.ImportantFunctions", "Steve.ImportantFunctions\Steve.ImportantFunctions.csproj", "{977EF212-CAE2-40B3-8BFB-B8E74C246A5E}"
EndProject
Global
	GlobalSection(SolutionConfigurationPlatforms) = preSolution
		Debug|Any CPU = Debug|Any CPU
		Release|Any CPU = Release|Any CPU
	EndGlobalSection
	GlobalSection(ProjectConfigurationPlatforms) = postSolution
		{5AB01B4F-6F02-416F-80C9-8B4E855193D4}.Debug|Any CPU.ActiveCfg = Debug|Any CPU
		{5AB01B4F-6F02-416F-80C9-8B4E855193D4}.Debug|Any CPU.Build.0 = Debug|Any CPU
		{5AB01B4F-6F02-416F-80C9-8B4E855193D4}.Release|Any CPU.ActiveCfg = Release|Any CPU
		{5AB01B4F-6F02-416F-80C9-8B4E855193D4}.Release|Any CPU.Build.0 = Release|Any CPU
		{977EF212-CAE2-40B3-8BFB-B8E74C246A5E}.Debug|Any CPU.ActiveCfg = Debug|Any CPU
		{977EF212-CAE2-40B3-8BFB-B8E74C246A5E}.Debug|Any CPU.Build.0 = Debug|Any CPU
		{977EF212-CAE2-40B3-8BFB-B8E74C246A5E}.Release|Any CPU.ActiveCfg = Release|Any CPU
		{977EF212-CAE2-40B3-8BFB-B8E74C246A5E}.Release|Any CPU.Build.0 = Release|Any CPU
	EndGlobalSection
	GlobalSection(SolutionProperties) = preSolution
		HideSolutionNode = FALSE
	EndGlobalSection
	GlobalSection(ExtensibilityGlobals) = postSolution
		SolutionGuid = {4BBAA8CF-B313-4F97-BD1B-F15424A49B78}
	EndGlobalSection
EndGlobal
